Microsoft Visual Studio Solution File, Format Version 12.00
# Visual Studio Version 17
VisualStudioVersion = 17.0.31903.59
MinimumVisualStudioVersion = 10.0.40219.1
Project("{{SolutionFolderGuid}}") = "src", "src", "{{SrcGuid}}"
EndProject
Project("{{SolutionFolderGuid}}") = "tests", "tests", "{{TestsGuid}}"
EndProject
Project("{{CSharpProjectGuid}}") = "{{Author}}.{{Name}}", "src\{{Author}}.{{Name}}\{{Author}}.{{Name}}.csproj", "{{MainProjectGuid}}"
EndProject
Project("{{CSharpProjectGuid}}") = "{{Author}}.{{Name}}.Godot", "src\{{Author}}.{{Name}}.Godot\{{Author}}.{{Name}}.Godot.csproj", "{{GodotProjectGuid}}"
EndProject
Project("{{CSharpProjectGuid}}") = "{{Author}}.{{Name}}.Tests", "tests\{{Author}}.{{Name}}.Tests\{{Author}}.{{Name}}.Tests.csproj", "{{TestsProjectGuid}}"
EndProject
Project("{{CSharpProjectGuid}}") = "{{Author}}.{{Name}}.Godot.Tests", "tests\{{Author}}.{{Name}}.Godot.Tests\{{Author}}.{{Name}}.Godot.Tests.csproj", "{{GodotTestsProjectGuid}}"
EndProject
Global
	GlobalSection(SolutionConfigurationPlatforms) = preSolution
		Debug|Any CPU = Debug|Any CPU
		Release|Any CPU = Release|Any CPU
	EndGlobalSection
	GlobalSection(ProjectConfigurationPlatforms) = postSolution
		{{MainProjectGuid}}.Debug|Any CPU.ActiveCfg = Debug|Any CPU
		{{MainProjectGuid}}.Debug|Any CPU.Build.0 = Debug|Any CPU
		{{MainProjectGuid}}.Release|Any CPU.ActiveCfg = Release|Any CPU
		{{MainProjectGuid}}.Release|Any CPU.Build.0 = Release|Any CPU
		{{GodotProjectGuid}}.Debug|Any CPU.ActiveCfg = Debug|Any CPU
		{{GodotProjectGuid}}.Debug|Any CPU.Build.0 = Debug|Any CPU
		{{GodotProjectGuid}}.Release|Any CPU.ActiveCfg = Release|Any CPU
		{{GodotProjectGuid}}.Release|Any CPU.Build.0 = Release|Any CPU
		{{TestsProjectGuid}}.Debug|Any CPU.ActiveCfg = Debug|Any CPU
		{{TestsProjectGuid}}.Debug|Any CPU.Build.0 = Debug|Any CPU
		{{TestsProjectGuid}}.Release|Any CPU.ActiveCfg = Release|Any CPU
		{{TestsProjectGuid}}.Release|Any CPU.Build.0 = Release|Any CPU
		{{GodotTestsProjectGuid}}.Debug|Any CPU.ActiveCfg = Debug|Any CPU
		{{GodotTestsProjectGuid}}.Debug|Any CPU.Build.0 = Debug|Any CPU
		{{GodotTestsProjectGuid}}.Release|Any CPU.ActiveCfg = Release|Any CPU
		{{GodotTestsProjectGuid}}.Release|Any CPU.Build.0 = Release|Any CPU
	EndGlobalSection
	GlobalSection(SolutionProperties) = preSolution
		HideSolutionNode = FALSE
	EndGlobalSection
	GlobalSection(NestedProjects) = preSolution
		{{MainProjectGuid}} = {{SrcGuid}}
		{{GodotProjectGuid}} = {{SrcGuid}}
		{{TestsProjectGuid}} = {{TestsGuid}}
		{{GodotTestsProjectGuid}} = {{TestsGuid}}
	EndGlobalSection
EndGlobal